
Microsoft Visual Studio Solution File, Format Version 12.00
# Visual Studio Version 16
VisualStudioVersion = 16.0.31702.278
MinimumVisualStudioVersion = 10.0.40219.1
Project("{8BC9CEB8-8B4A-11D0-8D11-00A0C91BC942}") = "HW_L4", "HW_L4.vcxproj", "{395E34D6-C95A-40D5-952F-5D8C0D8A4DAA}"
EndProject
Global
	GlobalSection(SolutionConfigurationPlatforms) = preSolution
		Debug|x64 = Debug|x64
		Debug|x86 = Debug|x86
		Release|x64 = Release|x64
		Release|x86 = Release|x86
	EndGlobalSection
	GlobalSection(ProjectConfigurationPlatforms) = postSolution
		{395E34D6-C95A-40D5-952F-5D8C0D8A4DAA}.Debug|x64.ActiveCfg = Debug|x64
		{395E34D6-C95A-40D5-952F-5D8C0D8A4DAA}.Debug|x64.Build.0 = Debug|x64
		{395E34D6-C95A-40D5-952F-5D8C0D8A4DAA}.Debug|x86.ActiveCfg = Debug|Win32
		{395E34D6-C95A-40D5-952F-5D8C0D8A4DAA}.Debug|x86.Build.0 = Debug|Win32
		{395E34D6-C95A-40D5-952F-5D8C0D8A4DAA}.Release|x64.ActiveCfg = Release|x64
		{395E34D6-C95A-40D5-952F-5D8C0D8A4DAA}.Release|x64.Build.0 = Release|x64
		{395E34D6-C95A-40D5-952F-5D8C0D8A4DAA}.Release|x86.ActiveCfg = Release|Win32
		{395E34D6-C95A-40D5-952F-5D8C0D8A4DAA}.Release|x86.Build.0 = Release|Win32
	EndGlobalSection
	GlobalSection(SolutionProperties) = preSolution
		HideSolutionNode = FALSE
	EndGlobalSection
	GlobalSection(ExtensibilityGlobals) = postSolution
		SolutionGuid = {EEC1C65F-096C-4518-9768-6EC6E8EFF7B9}
	EndGlobalSection
EndGlobal
